%{"erlexec": {:hex, :erlexec, "1.4.0", "064f96e95f67f75c26f8c8ab9ca7d87ab2b94a9834eaa9c03f13e113bb2a855f", [:rebar3], []},
  "gen_stage": {:hex, :gen_stage, "0.7.0", "d8ab7f294ca0fb7ca001c33a97d25876561f086ecd149689f43c0d2ffccf4fff", [:mix], []},
  "porcelain": {:hex, :porcelain, "2.0.2", "c1d4863de3e391195e36457bb3d7e17ee1bca5a44f1d708bc037c313342f58e9", [:mix], []}}
